// !$*UTF8*$!
{
	archiveVersion = 1;
	classes = {
	};
	objectVersion = 46;
	objects = {

/* Begin PBXBuildFile section */
		1CBE1EDF1DAE29A500D54143 /* UINavigationController+FDFullscreenPopGesture.m in Sources */ = {isa = PBXBuildFile; fileRef = 1CBE1EDE1DAE29A500D54143 /* UINavigationController+FDFullscreenPopGesture.m */; };
		1CBE1EE61DAE700900D54143 /* DXLOriginViewController.m in Sources */ = {isa = PBXBuildFile; fileRef = 1CBE1EE51DAE700900D54143 /* DXLOriginViewController.m */; };
		1CBE1EF01DAF833200D54143 /* UINavigationBar+OOExtension.m in Sources */ = {isa = PBXBuildFile; fileRef = 1CBE1EEF1DAF833200D54143 /* UINavigationBar+OOExtension.m */; };
		1CC59EB31D925CA5007578A3 /* main.m in Sources */ = {isa = PBXBuildFile; fileRef = 1CC59EB21D925CA5007578A3 /* main.m */; };
		1CC59EB61D925CA5007578A3 /* AppDelegate.m in Sources */ = {isa = PBXBuildFile; fileRef = 1CC59EB51D925CA5007578A3 /* AppDelegate.m */; };
		1CC59EB91D925CA5007578A3 /* ViewController.m in Sources */ = {isa = PBXBuildFile; fileRef = 1CC59EB81D925CA5007578A3 /* ViewController.m */; };
		1CC59EBC1D925CA5007578A3 /* Main.storyboard in Resources */ = {isa = PBXBuildFile; fileRef = 1CC59EBA1D925CA5007578A3 /* Main.storyboard */; };
		1CC59EBE1D925CA5007578A3 /* Assets.xcassets in Resources */ = {isa = PBXBuildFile; fileRef = 1CC59EBD1D925CA5007578A3 /* Assets.xcassets */; };
		1CC59EC11D925CA5007578A3 /* LaunchScreen.storyboard in Resources */ = {isa = PBXBuildFile; fileRef = 1CC59EBF1D925CA5007578A3 /* LaunchScreen.storyboard */; };
		1CC59ECA1D925CCF007578A3 /* HJDashLineView.m in Sources */ = {isa = PBXBuildFile; fileRef = 1CC59EC91D925CCF007578A3 /* HJDashLineView.m */; };
/* End PBXBuildFile section */

/* Begin PBXFileReference section */
		1CBE1EDD1DAE29A500D54143 /* UINavigationController+FDFullscreenPopGesture.h */ = {isa = PBXFileReference; fileEncoding = 4; lastKnownFileType = sourcecode.c.h; path = "UINavigationController+FDFullscreenPopGesture.h"; sourceTree = "<group>"; };
		1CBE1EDE1DAE29A500D54143 /* UINavigationController+FDFullscreenPopGesture.m */ = {isa = PBXFileReference; fileEncoding = 4; lastKnownFileType = sourcecode.c.objc; path = "UINavigationController+FDFullscreenPopGesture.m"; sourceTree = "<group>"; };
		1CBE1EE41DAE700900D54143 /* DXLOriginViewController.h */ = {isa = PBXFileReference; fileEncoding = 4; lastKnownFileType = sourcecode.c.h; path = DXLOriginViewController.h; sourceTree = "<group>"; };
		1CBE1EE51DAE700900D54143 /* DXLOriginViewController.m */ = {isa = PBXFileReference; fileEncoding = 4; lastKnownFileType = sourcecode.c.objc; path = DXLOriginViewController.m; sourceTree = "<group>"; };
		1CBE1EEE1DAF833200D54143 /* UINavigationBar+OOExtension.h */ = {isa = PBXFileReference; fileEncoding = 4; lastKnownFileType = sourcecode.c.h; path = "UINavigationBar+OOExtension.h"; sourceTree = "<group>"; };
		1CBE1EEF1DAF833200D54143 /* UINavigationBar+OOExtension.m */ = {isa = PBXFileReference; fileEncoding = 4; lastKnownFileType = sourcecode.c.objc; path = "UINavigationBar+OOExtension.m"; sourceTree = "<group>"; };
		1CC59EAE1D925CA5007578A3 /* test.app */ = {isa = PBXFileReference; explicitFileType = wrapper.application; includeInIndex = 0; path = test.app; sourceTree = BUILT_PRODUCTS_DIR; };
		1CC59EB21D925CA5007578A3 /* main.m */ = {isa = PBXFileReference; lastKnownFileType = sourcecode.c.objc; path = main.m; sourceTree = "<group>"; };
		1CC59EB41D925CA5007578A3 /* AppDelegate.h */ = {isa = PBXFileReference; lastKnownFileType = sourcecode.c.h; path = AppDelegate.h; sourceTree = "<group>"; };
		1CC59EB51D925CA5007578A3 /* AppDelegate.m */ = {isa = PBXFileReference; lastKnownFileType = sourcecode.c.objc; path = AppDelegate.m; sourceTree = "<group>"; };
		1CC59EB71D925CA5007578A3 /* ViewController.h */ = {isa = PBXFileReference; lastKnownFileType = sourcecode.c.h; path = ViewController.h; sourceTree = "<group>"; };
		1CC59EB81D925CA5007578A3 /* ViewController.m */ = {isa = PBXFileReference; lastKnownFileType = sourcecode.c.objc; path = ViewController.m; sourceTree = "<group>"; };
		1CC59EBB1D925CA5007578A3 /* Base */ = {isa = PBXFileReference; lastKnownFileType = file.storyboard; name = Base; path = Base.lproj/Main.storyboard; sourceTree = "<group>"; };
		1CC59EBD1D925CA5007578A3 /* Assets.xcassets */ = {isa = PBXFileReference; lastKnownFileType = folder.assetcatalog; path = Assets.xcassets; sourceTree = "<group>"; };
		1CC59EC01D925CA5007578A3 /* Base */ = {isa = PBXFileReference; lastKnownFileType = file.storyboard; name = Base; path = Base.lproj/LaunchScreen.storyboard; sourceTree = "<group>"; };
		1CC59EC21D925CA5007578A3 /* Info.plist */ = {isa = PBXFileReference; lastKnownFileType = text.plist.xml; path = Info.plist; sourceTree = "<group>"; };
		1CC59EC81D925CCF007578A3 /* HJDashLineView.h */ = {isa = PBXFileReference; fileEncoding = 4; lastKnownFileType = sourcecode.c.h; path = HJDashLineView.h; sourceTree = "<group>"; };
		1CC59EC91D925CCF007578A3 /* HJDashLineView.m */ = {isa = PBXFileReference; fileEncoding = 4; lastKnownFileType = sourcecode.c.objc; path = HJDashLineView.m; sourceTree = "<group>"; };
/* End PBXFileReference section */

/* Begin PBXFrameworksBuildPhase section */
		1CC59EAB1D925CA5007578A3 /* Frameworks */ = {
			isa = PBXFrameworksBuildPhase;
			buildActionMask = 2147483647;
			files = (
			);
			runOnlyForDeploymentPostprocessing = 0;
		};
/* End PBXFrameworksBuildPhase section */

/* Begin PBXGroup section */
		1CBE1EDC1DAE29A500D54143 /* FDFullscreenPopGesture */ = {
			isa = PBXGroup;
			children = (
				1CBE1EE41DAE700900D54143 /* DXLOriginViewController.h */,
				1CBE1EE51DAE700900D54143 /* DXLOriginViewController.m */,
				1CBE1EDD1DAE29A500D54143 /* UINavigationController+FDFullscreenPopGesture.h */,
				1CBE1EDE1DAE29A500D54143 /* UINavigationController+FDFullscreenPopGesture.m */,
			);
			path = FDFullscreenPopGesture;
			sourceTree = "<group>";
		};
		1CBE1EED1DAF833200D54143 /* OONavgationBarExtension */ = {
			isa = PBXGroup;
			children = (
				1CBE1EEE1DAF833200D54143 /* UINavigationBar+OOExtension.h */,
				1CBE1EEF1DAF833200D54143 /* UINavigationBar+OOExtension.m */,
			);
			path = OONavgationBarExtension;
			sourceTree = "<group>";
		};
		1CC59EA51D925CA4007578A3 = {
			isa = PBXGroup;
			children = (
				1CC59EB01D925CA5007578A3 /* test */,
				1CC59EAF1D925CA5007578A3 /* Products */,
			);
			sourceTree = "<group>";
		};
		1CC59EAF1D925CA5007578A3 /* Products */ = {
			isa = PBXGroup;
			children = (
				1CC59EAE1D925CA5007578A3 /* test.app */,
			);
			name = Products;
			sourceTree = "<group>";
		};
		1CC59EB01D925CA5007578A3 /* test */ = {
			isa = PBXGroup;
			children = (
				1CBE1EED1DAF833200D54143 /* OONavgationBarExtension */,
				1CBE1EDC1DAE29A500D54143 /* FDFullscreenPopGesture */,
				1CC59EB41D925CA5007578A3 /* AppDelegate.h */,
				1CC59EB51D925CA5007578A3 /* AppDelegate.m */,
				1CC59EB71D925CA5007578A3 /* ViewController.h */,
				1CC59EB81D925CA5007578A3 /* ViewController.m */,
				1CC59EBA1D925CA5007578A3 /* Main.storyboard */,
				1CC59EBD1D925CA5007578A3 /* Assets.xcassets */,
				1CC59EBF1D925CA5007578A3 /* LaunchScreen.storyboard */,
				1CC59EC21D925CA5007578A3 /* Info.plist */,
				1CC59EB11D925CA5007578A3 /* Supporting Files */,
				1CC59EC81D925CCF007578A3 /* HJDashLineView.h */,
				1CC59EC91D925CCF007578A3 /* HJDashLineView.m */,
			);
			path = test;
			sourceTree = "<group>";
		};
		1CC59EB11D925CA5007578A3 /* Supporting Files */ = {
			isa = PBXGroup;
			children = (
				1CC59EB21D925CA5007578A3 /* main.m */,
			);
			name = "Supporting Files";
			sourceTree = "<group>";
		};
/* End PBXGroup section */

/* Begin PBXNativeTarget section */
		1CC59EAD1D925CA5007578A3 /* test */ = {
			isa = PBXNativeTarget;
			buildConfigurationList = 1CC59EC51D925CA5007578A3 /* Build configuration list for PBXNativeTarget "test" */;
			buildPhases = (
				1CC59EAA1D925CA5007578A3 /* Sources */,
				1CC59EAB1D925CA5007578A3 /* Frameworks */,
				1CC59EAC1D925CA5007578A3 /* Resources */,
			);
			buildRules = (
			);
			dependencies = (
			);
			name = test;
			productName = test;
			productReference = 1CC59EAE1D925CA5007578A3 /* test.app */;
			productType = "com.apple.product-type.application";
		};
/* End PBXNativeTarget section */

/* Begin PBXProject section */
		1CC59EA61D925CA4007578A3 /* Project object */ = {
			isa = PBXProject;
			attributes = {
				LastUpgradeCheck = 0800;
				ORGANIZATIONNAME = ZTC;
				TargetAttributes = {
					1CC59EAD1D925CA5007578A3 = {
						CreatedOnToolsVersion = 8.0;
						DevelopmentTeam = 49ZC666LRD;
						ProvisioningStyle = Automatic;
					};
				};
			};
			buildConfigurationList = 1CC59EA91D925CA4007578A3 /* Build configuration list for PBXProject "test" */;
			compatibilityVersion = "Xcode 3.2";
			developmentRegion = English;
			hasScannedForEncodings = 0;
			knownRegions = (
				en,
				Base,
			);
			mainGroup = 1CC59EA51D925CA4007578A3;
			productRefGroup = 1CC59EAF1D925CA5007578A3 /* Products */;
			projectDirPath = "";
			projectRoot = "";
			targets = (
				1CC59EAD1D925CA5007578A3 /* test */,
			);
		};
/* End PBXProject section */

/* Begin PBXResourcesBuildPhase section */
		1CC59EAC1D925CA5007578A3 /* Resources */ = {
			isa = PBXResourcesBuildPhase;
			buildActionMask = 2147483647;
			files = (
				1CC59EC11D925CA5007578A3 /* LaunchScreen.storyboard in Resources */,
				1CC59EBE1D925CA5007578A3 /* Assets.xcassets in Resources */,
				1CC59EBC1D925CA5007578A3 /* Main.storyboard in Resources */,
			);
			runOnlyForDeploymentPostprocessing = 0;
		};
/* End PBXResourcesBuildPhase section */

/* Begin PBXSourcesBuildPhase section */
		1CC59EAA1D925CA5007578A3 /* Sources */ = {
			isa = PBXSourcesBuildPhase;
			buildActionMask = 2147483647;
			files = (
				1CBE1EDF1DAE29A500D54143 /* UINavigationController+FDFullscreenPopGesture.m in Sources */,
				1CBE1EF01DAF833200D54143 /* UINavigationBar+OOExtension.m in Sources */,
				1CC59ECA1D925CCF007578A3 /* HJDashLineView.m in Sources */,
				1CC59EB91D925CA5007578A3 /* ViewController.m in Sources */,
				1CBE1EE61DAE700900D54143 /* DXLOriginViewController.m in Sources */,
				1CC59EB61D925CA5007578A3 /* AppDelegate.m in Sources */,
				1CC59EB31D925CA5007578A3 /* main.m in Sources */,
			);
			runOnlyForDeploymentPostprocessing = 0;
		};
/* End PBXSourcesBuildPhase section */

/* Begin PBXVariantGroup section */
		1CC59EBA1D925CA5007578A3 /* Main.storyboard */ = {
			isa = PBXVariantGroup;
			children = (
				1CC59EBB1D925CA5007578A3 /* Base */,
			);
			name = Main.storyboard;
			sourceTree = "<group>";
		};
		1CC59EBF1D925CA5007578A3 /* LaunchScreen.storyboard */ = {
			isa = PBXVariantGroup;
			children = (
				1CC59EC01D925CA5007578A3 /* Base */,
			);
			name = LaunchScreen.storyboard;
			sourceTree = "<group>";
		};
/* End PBXVariantGroup section */

/* Begin XCBuildConfiguration section */
		1CC59EC31D925CA5007578A3 /* Debug */ = {
			isa = XCBuildConfiguration;
			buildSettings = {
				ALWAYS_SEARCH_USER_PATHS = NO;
				CLANG_ANALYZER_NONNULL = YES;
				CLANG_CXX_LANGUAGE_STANDARD = "gnu++0x";
				CLANG_CXX_LIBRARY = "libc++";
				CLANG_ENABLE_MODULES = YES;
				CLANG_ENABLE_OBJC_ARC = YES;
				CLANG_WARN_BOOL_CONVERSION = YES;
				CLANG_WARN_CONSTANT_CONVERSION = YES;
				CLANG_WARN_DIRECT_OBJC_ISA_USAGE = YES_ERROR;
				CLANG_WARN_DOCUMENTATION_COMMENTS = YES;
				CLANG_WARN_EMPTY_BODY = YES;
				CLANG_WARN_ENUM_CONVERSION = YES;
				CLANG_WARN_INFINITE_RECURSION = YES;
				CLANG_WARN_INT_CONVERSION = YES;
				CLANG_WARN_OBJC_ROOT_CLASS = YES_ERROR;
				CLANG_WARN_SUSPICIOUS_MOVES = YES;
				CLANG_WARN_UNREACHABLE_CODE = YES;
				CLANG_WARN__DUPLICATE_METHOD_MATCH = YES;
				"CODE_SIGN_IDENTITY[sdk=iphoneos*]" = "iPhone Developer";
				COPY_PHASE_STRIP = NO;
				DEBUG_INFORMATION_FORMAT = dwarf;
				ENABLE_STRICT_OBJC_MSGSEND = YES;
				ENABLE_TESTABILITY = YES;
				GCC_C_LANGUAGE_STANDARD = gnu99;
				GCC_DYNAMIC_NO_PIC = NO;
				GCC_NO_COMMON_BLOCKS = YES;
				GCC_OPTIMIZATION_LEVEL = 0;
				GCC_PREPROCESSOR_DEFINITIONS = (
					"DEBUG=1",
					"$(inherited)",
				);
				GCC_WARN_64_TO_32_BIT_CONVERSION = YES;
				GCC_WARN_ABOUT_RETURN_TYPE = YES_ERROR;
				GCC_WARN_UNDECLARED_SELECTOR = YES;
				GCC_WARN_UNINITIALIZED_AUTOS = YES_AGGRESSIVE;
				GCC_WARN_UNUSED_FUNCTION = YES;
				GCC_WARN_UNUSED_VARIABLE = YES;
				IPHONEOS_DEPLOYMENT_TARGET = 10.0;
				MTL_ENABLE_DEBUG_INFO = YES;
				ONLY_ACTIVE_ARCH = YES;
				SDKROOT = iphoneos;
			};
			name = Debug;
		};
		1CC59EC41D925CA5007578A3 /* Release */ = {
			isa = XCBuildConfiguration;
			buildSettings = {
				ALWAYS_SEARCH_USER_PATHS = NO;
				CLANG_ANALYZER_NONNULL = YES;
				CLANG_CXX_LANGUAGE_STANDARD = "gnu++0x";
				CLANG_CXX_LIBRARY = "libc++";
				CLANG_ENABLE_MODULES = YES;
				CLANG_ENABLE_OBJC_ARC = YES;
				CLANG_WARN_BOOL_CONVERSION = YES;
				CLANG_WARN_CONSTANT_CONVERSION = YES;
				CLANG_WARN_DIRECT_OBJC_ISA_USAGE = YES_ERROR;
				CLANG_WARN_DOCUMENTATION_COMMENTS = YES;
				CLANG_WARN_EMPTY_BODY = YES;
				CLANG_WARN_ENUM_CONVERSION = YES;
				CLANG_WARN_INFINITE_RECURSION = YES;
				CLANG_WARN_INT_CONVERSION = YES;
				CLANG_WARN_OBJC_ROOT_CLASS = YES_ERROR;
				CLANG_WARN_SUSPICIOUS_MOVES = YES;
				CLANG_WARN_UNREACHABLE_CODE = YES;
				CLANG_WARN__DUPLICATE_METHOD_MATCH = YES;
				"CODE_SIGN_IDENTITY[sdk=iphoneos*]" = "iPhone Developer";
				COPY_PHASE_STRIP = NO;
				DEBUG_INFORMATION_FORMAT = "dwarf-with-dsym";
				ENABLE_NS_ASSERTIONS = NO;
				ENABLE_STRICT_OBJC_MSGSEND = YES;
				GCC_C_LANGUAGE_STANDARD = gnu99;
				GCC_NO_COMMON_BLOCKS = YES;
				GCC_WARN_64_TO_32_BIT_CONVERSION = YES;
				GCC_WARN_ABOUT_RETURN_TYPE = YES_ERROR;
				GCC_WARN_UNDECLARED_SELECTOR = YES;
				GCC_WARN_UNINITIALIZED_AUTOS = YES_AGGRESSIVE;
				GCC_WARN_UNUSED_FUNCTION = YES;
				GCC_WARN_UNUSED_VARIABLE = YES;
				IPHONEOS_DEPLOYMENT_TARGET = 10.0;
				MTL_ENABLE_DEBUG_INFO = NO;
				SDKROOT = iphoneos;
				VALIDATE_PRODUCT = YES;
			};
			name = Release;
		};
		1CC59EC61D925CA5007578A3 /* Debug */ = {
			isa = XCBuildConfiguration;
			buildSettings = {
				ASSETCATALOG_COMPILER_APPICON_NAME = AppIcon;
				DEVELOPMENT_TEAM = 49ZC666LRD;
				INFOPLIST_FILE = test/Info.plist;
				LD_RUNPATH_SEARCH_PATHS = "$(inherited) @executable_path/Frameworks";
				PRODUCT_BUNDLE_IDENTIFIER = com.daoxila.test.test;
				PRODUCT_NAME = "$(TARGET_NAME)";
			};
			name = Debug;
		};
		1CC59EC71D925CA5007578A3 /* Release */ = {
			isa = XCBuildConfiguration;
			buildSettings = {
				ASSETCATALOG_COMPILER_APPICON_NAME = AppIcon;
				DEVELOPMENT_TEAM = 49ZC666LRD;
				INFOPLIST_FILE = test/Info.plist;
				LD_RUNPATH_SEARCH_PATHS = "$(inherited) @executable_path/Frameworks";
				PRODUCT_BUNDLE_IDENTIFIER = com.daoxila.test.test;
				PRODUCT_NAME = "$(TARGET_NAME)";
			};
			name = Release;
		};
/* End XCBuildConfiguration section */

/* Begin XCConfigurationList section */
		1CC59EA91D925CA4007578A3 /* Build configuration list for PBXProject "test" */ = {
			isa = XCConfigurationList;
			buildConfigurations = (
				1CC59EC31D925CA5007578A3 /* Debug */,
				1CC59EC41D925CA5007578A3 /* Release */,
			);
			defaultConfigurationIsVisible = 0;
			defaultConfigurationName = Release;
		};
		1CC59EC51D925CA5007578A3 /* Build configuration list for PBXNativeTarget "test" */ = {
			isa = XCConfigurationList;
			buildConfigurations = (
				1CC59EC61D925CA5007578A3 /* Debug */,
				1CC59EC71D925CA5007578A3 /* Release */,
			);
			defaultConfigurationIsVisible = 0;
			defaultConfigurationName = Release;
		};
/* End XCConfigurationList section */
	};
	rootObject = 1CC59EA61D925CA4007578A3 /* Project object */;
}
